// !$*UTF8*$!
{
	archiveVersion = 1;
	classes = {
	};
	objectVersion = 48;
	objects = {

/* Begin PBXBuildFile section */
		442D0A37206D8F4C00103173 /* CustomTableViewCell.swift in Sources */ = {isa = PBXBuildFile; fileRef = 442D0A36206D8F4C00103173 /* CustomTableViewCell.swift */; };
		4466BA852062F0C4006EAE1D /* AppDelegate.swift in Sources */ = {isa = PBXBuildFile; fileRef = 4466BA842062F0C4006EAE1D /* AppDelegate.swift */; };
		4466BA872062F0C4006EAE1D /* ViewController.swift in Sources */ = {isa = PBXBuildFile; fileRef = 4466BA862062F0C4006EAE1D /* ViewController.swift */; };
		4466BA8A2062F0C4006EAE1D /* Main.storyboard in Resources */ = {isa = PBXBuildFile; fileRef = 4466BA882062F0C4006EAE1D /* Main.storyboard */; };
		4466BA8C2062F0C4006EAE1D /* Assets.xcassets in Resources */ = {isa = PBXBuildFile; fileRef = 4466BA8B2062F0C4006EAE1D /* Assets.xcassets */; };
		4466BA8F2062F0C4006EAE1D /* LaunchScreen.storyboard in Resources */ = {isa = PBXBuildFile; fileRef = 4466BA8D2062F0C4006EAE1D /* LaunchScreen.storyboard */; };
/* End PBXBuildFile section */

/* Begin PBXFileReference section */
		442D0A36206D8F4C00103173 /* CustomTableViewCell.swift */ = {isa = PBXFileReference; lastKnownFileType = sourcecode.swift; path = CustomTableViewCell.swift; sourceTree = "<group>"; };
		4466BA812062F0C4006EAE1D /* practice4.app */ = {isa = PBXFileReference; explicitFileType = wrapper.application; includeInIndex = 0; path = practice4.app; sourceTree = BUILT_PRODUCTS_DIR; };
		4466BA842062F0C4006EAE1D /* AppDelegate.swift */ = {isa = PBXFileReference; lastKnownFileType = sourcecode.swift; path = AppDelegate.swift; sourceTree = "<group>"; };
		4466BA862062F0C4006EAE1D /* ViewController.swift */ = {isa = PBXFileReference; lastKnownFileType = sourcecode.swift; path = ViewController.swift; sourceTree = "<group>"; };
		4466BA892062F0C4006EAE1D /* Base */ = {isa = PBXFileReference; lastKnownFileType = file.storyboard; name = Base; path = Base.lproj/Main.storyboard; sourceTree = "<group>"; };
		4466BA8B2062F0C4006EAE1D /* Assets.xcassets */ = {isa = PBXFileReference; lastKnownFileType = folder.assetcatalog; path = Assets.xcassets; sourceTree = "<group>"; };
		4466BA8E2062F0C4006EAE1D /* Base */ = {isa = PBXFileReference; lastKnownFileType = file.storyboard; name = Base; path = Base.lproj/LaunchScreen.storyboard; sourceTree = "<group>"; };
		4466BA902062F0C4006EAE1D /* Info.plist */ = {isa = PBXFileReference; lastKnownFileType = text.plist.xml; path = Info.plist; sourceTree = "<group>"; };
/* End PBXFileReference section */

/* Begin PBXFrameworksBuildPhase section */
		4466BA7E2062F0C3006EAE1D /* Frameworks */ = {
			isa = PBXFrameworksBuildPhase;
			buildActionMask = 2147483647;
			files = (
			);
			runOnlyForDeploymentPostprocessing = 0;
		};
/* End PBXFrameworksBuildPhase section */

/* Begin PBXGroup section */
		4466BA782062F0C3006EAE1D = {
			isa = PBXGroup;
			children = (
				4466BA832062F0C4006EAE1D /* practice3 */,
				4466BA822062F0C4006EAE1D /* Products */,
			);
			sourceTree = "<group>";
		};
		4466BA822062F0C4006EAE1D /* Products */ = {
			isa = PBXGroup;
			children = (
				4466BA812062F0C4006EAE1D /* practice4.app */,
			);
			name = Products;
			sourceTree = "<group>";
		};
		4466BA832062F0C4006EAE1D /* practice3 */ = {
			isa = PBXGroup;
			children = (
				4466BA842062F0C4006EAE1D /* AppDelegate.swift */,
				4466BA862062F0C4006EAE1D /* ViewController.swift */,
				4466BA882062F0C4006EAE1D /* Main.storyboard */,
				4466BA8B2062F0C4006EAE1D /* Assets.xcassets */,
				4466BA8D2062F0C4006EAE1D /* LaunchScreen.storyboard */,
				4466BA902062F0C4006EAE1D /* Info.plist */,
				442D0A36206D8F4C00103173 /* CustomTableViewCell.swift */,
			);
			path = practice3;
			sourceTree = "<group>";
		};
/* End PBXGroup section */

/* Begin PBXNativeTarget section */
		4466BA802062F0C3006EAE1D /* practice4 */ = {
			isa = PBXNativeTarget;
			buildConfigurationList = 4466BA932062F0C4006EAE1D /* Build configuration list for PBXNativeTarget "practice4" */;
			buildPhases = (
				4466BA7D2062F0C3006EAE1D /* Sources */,
				4466BA7E2062F0C3006EAE1D /* Frameworks */,
				4466BA7F2062F0C3006EAE1D /* Resources */,
			);
			buildRules = (
			);
			dependencies = (
			);
			name = practice4;
			productName = practice3;
			productReference = 4466BA812062F0C4006EAE1D /* practice4.app */;
			productType = "com.apple.product-type.application";
		};
/* End PBXNativeTarget section */

/* Begin PBXProject section */
		4466BA792062F0C3006EAE1D /* Project object */ = {
			isa = PBXProject;
			attributes = {
				LastSwiftUpdateCheck = 0920;
				LastUpgradeCheck = 0920;
				ORGANIZATIONNAME = "Cristian Salomon Olmedo";
				TargetAttributes = {
					4466BA802062F0C3006EAE1D = {
						CreatedOnToolsVersion = 9.2;
						ProvisioningStyle = Automatic;
					};
				};
			};
			buildConfigurationList = 4466BA7C2062F0C3006EAE1D /* Build configuration list for PBXProject "practice4" */;
			compatibilityVersion = "Xcode 8.0";
			developmentRegion = en;
			hasScannedForEncodings = 0;
			knownRegions = (
				en,
				Base,
			);
			mainGroup = 4466BA782062F0C3006EAE1D;
			productRefGroup = 4466BA822062F0C4006EAE1D /* Products */;
			projectDirPath = "";
			projectRoot = "";
			targets = (
				4466BA802062F0C3006EAE1D /* practice4 */,
			);
		};
/* End PBXProject section */

/* Begin PBXResourcesBuildPhase section */
		4466BA7F2062F0C3006EAE1D /* Resources */ = {
			isa = PBXResourcesBuildPhase;
			buildActionMask = 2147483647;
			files = (
				4466BA8F2062F0C4006EAE1D /* LaunchScreen.storyboard in Resources */,
				4466BA8C2062F0C4006EAE1D /* Assets.xcassets in Resources */,
				4466BA8A2062F0C4006EAE1D /* Main.storyboard in Resources */,
			);
			runOnlyForDeploymentPostprocessing = 0;
		};
/* End PBXResourcesBuildPhase section */

/* Begin PBXSourcesBuildPhase section */
		4466BA7D2062F0C3006EAE1D /* Sources */ = {
			isa = PBXSourcesBuildPhase;
			buildActionMask = 2147483647;
			files = (
				442D0A37206D8F4C00103173 /* CustomTableViewCell.swift in Sources */,
				4466BA872062F0C4006EAE1D /* ViewController.swift in Sources */,
				4466BA852062F0C4006EAE1D /* AppDelegate.swift in Sources */,
			);
			runOnlyForDeploymentPostprocessing = 0;
		};
/* End PBXSourcesBuildPhase section */

/* Begin PBXVariantGroup section */
		4466BA882062F0C4006EAE1D /* Main.storyboard */ = {
			isa = PBXVariantGroup;
			children = (
				4466BA892062F0C4006EAE1D /* Base */,
			);
			name = Main.storyboard;
			sourceTree = "<group>";
		};
		4466BA8D2062F0C4006EAE1D /* LaunchScreen.storyboard */ = {
			isa = PBXVariantGroup;
			children = (
				4466BA8E2062F0C4006EAE1D /* Base */,
			);
			name = LaunchScreen.storyboard;
			sourceTree = "<group>";
		};
/* End PBXVariantGroup section */

/* Begin XCBuildConfiguration section */
		4466BA912062F0C4006EAE1D /* Debug */ = {
			isa = XCBuildConfiguration;
			buildSettings = {
				ALWAYS_SEARCH_USER_PATHS = NO;
				CLANG_ANALYZER_NONNULL = YES;
				CLANG_ANALYZER_NUMBER_OBJECT_CONVERSION = YES_AGGRESSIVE;
				CLANG_CXX_LANGUAGE_STANDARD = "gnu++14";
				CLANG_CXX_LIBRARY = "libc++";
				CLANG_ENABLE_MODULES = YES;
				CLANG_ENABLE_OBJC_ARC = YES;
				CLANG_WARN_BLOCK_CAPTURE_AUTORELEASING = YES;
				CLANG_WARN_BOOL_CONVERSION = YES;
				CLANG_WARN_COMMA = YES;
				CLANG_WARN_CONSTANT_CONVERSION = YES;
				CLANG_WARN_DIRECT_OBJC_ISA_USAGE = YES_ERROR;
				CLANG_WARN_DOCUMENTATION_COMMENTS = YES;
				CLANG_WARN_EMPTY_BODY = YES;
				CLANG_WARN_ENUM_CONVERSION = YES;
				CLANG_WARN_INFINITE_RECURSION = YES;
				CLANG_WARN_INT_CONVERSION = YES;
				CLANG_WARN_NON_LITERAL_NULL_CONVERSION = YES;
				CLANG_WARN_OBJC_LITERAL_CONVERSION = YES;
				CLANG_WARN_OBJC_ROOT_CLASS = YES_ERROR;
				CLANG_WARN_RANGE_LOOP_ANALYSIS = YES;
				CLANG_WARN_STRICT_PROTOTYPES = YES;
				CLANG_WARN_SUSPICIOUS_MOVE = YES;
				CLANG_WARN_UNGUARDED_AVAILABILITY = YES_AGGRESSIVE;
				CLANG_WARN_UNREACHABLE_CODE = YES;
				CLANG_WARN__DUPLICATE_METHOD_MATCH = YES;
				CODE_SIGN_IDENTITY = "iPhone Developer";
				COPY_PHASE_STRIP = NO;
				DEBUG_INFORMATION_FORMAT = dwarf;
				ENABLE_STRICT_OBJC_MSGSEND = YES;
				ENABLE_TESTABILITY = YES;
				GCC_C_LANGUAGE_STANDARD = gnu11;
				GCC_DYNAMIC_NO_PIC = NO;
				GCC_NO_COMMON_BLOCKS = YES;
				GCC_OPTIMIZATION_LEVEL = 0;
				GCC_PREPROCESSOR_DEFINITIONS = (
					"DEBUG=1",
					"$(inherited)",
				);
				GCC_WARN_64_TO_32_BIT_CONVERSION = YES;
				GCC_WARN_ABOUT_RETURN_TYPE = YES_ERROR;
				GCC_WARN_UNDECLARED_SELECTOR = YES;
				GCC_WARN_UNINITIALIZED_AUTOS = YES_AGGRESSIVE;
				GCC_WARN_UNUSED_FUNCTION = YES;
				GCC_WARN_UNUSED_VARIABLE = YES;
				IPHONEOS_DEPLOYMENT_TARGET = 11.2;
				MTL_ENABLE_DEBUG_INFO = YES;
				ONLY_ACTIVE_ARCH = YES;
				SDKROOT = iphoneos;
				SWIFT_ACTIVE_COMPILATION_CONDITIONS = DEBUG;
				SWIFT_OPTIMIZATION_LEVEL = "-Onone";
			};
			name = Debug;
		};
		4466BA922062F0C4006EAE1D /* Release */ = {
			isa = XCBuildConfiguration;
			buildSettings = {
				ALWAYS_SEARCH_USER_PATHS = NO;
				CLANG_ANALYZER_NONNULL = YES;
				CLANG_ANALYZER_NUMBER_OBJECT_CONVERSION = YES_AGGRESSIVE;
				CLANG_CXX_LANGUAGE_STANDARD = "gnu++14";
				CLANG_CXX_LIBRARY = "libc++";
				CLANG_ENABLE_MODULES = YES;
				CLANG_ENABLE_OBJC_ARC = YES;
				CLANG_WARN_BLOCK_CAPTURE_AUTORELEASING = YES;
				CLANG_WARN_BOOL_CONVERSION = YES;
				CLANG_WARN_COMMA = YES;
				CLANG_WARN_CONSTANT_CONVERSION = YES;
				CLANG_WARN_DIRECT_OBJC_ISA_USAGE = YES_ERROR;
				CLANG_WARN_DOCUMENTATION_COMMENTS = YES;
				CLANG_WARN_EMPTY_BODY = YES;
				CLANG_WARN_ENUM_CONVERSION = YES;
				CLANG_WARN_INFINITE_RECURSION = YES;
				CLANG_WARN_INT_CONVERSION = YES;
				CLANG_WARN_NON_LITERAL_NULL_CONVERSION = YES;
				CLANG_WARN_OBJC_LITERAL_CONVERSION = YES;
				CLANG_WARN_OBJC_ROOT_CLASS = YES_ERROR;
				CLANG_WARN_RANGE_LOOP_ANALYSIS = YES;
				CLANG_WARN_STRICT_PROTOTYPES = YES;
				CLANG_WARN_SUSPICIOUS_MOVE = YES;
				CLANG_WARN_UNGUARDED_AVAILABILITY = YES_AGGRESSIVE;
				CLANG_WARN_UNREACHABLE_CODE = YES;
				CLANG_WARN__DUPLICATE_METHOD_MATCH = YES;
				CODE_SIGN_IDENTITY = "iPhone Developer";
				COPY_PHASE_STRIP = NO;
				DEBUG_INFORMATION_FORMAT = "dwarf-with-dsym";
				ENABLE_NS_ASSERTIONS = NO;
				ENABLE_STRICT_OBJC_MSGSEND = YES;
				GCC_C_LANGUAGE_STANDARD = gnu11;
				GCC_NO_COMMON_BLOCKS = YES;
				GCC_WARN_64_TO_32_BIT_CONVERSION = YES;
				GCC_WARN_ABOUT_RETURN_TYPE = YES_ERROR;
				GCC_WARN_UNDECLARED_SELECTOR = YES;
				GCC_WARN_UNINITIALIZED_AUTOS = YES_AGGRESSIVE;
				GCC_WARN_UNUSED_FUNCTION = YES;
				GCC_WARN_UNUSED_VARIABLE = YES;
				IPHONEOS_DEPLOYMENT_TARGET = 11.2;
				MTL_ENABLE_DEBUG_INFO = NO;
				SDKROOT = iphoneos;
				SWIFT_OPTIMIZATION_LEVEL = "-Owholemodule";
				VALIDATE_PRODUCT = YES;
			};
			name = Release;
		};
		4466BA942062F0C4006EAE1D /* Debug */ = {
			isa = XCBuildConfiguration;
			buildSettings = {
				ASSETCATALOG_COMPILER_APPICON_NAME = AppIcon;
				CODE_SIGN_STYLE = Automatic;
				DEVELOPMENT_TEAM = 2QQMW76972;
				INFOPLIST_FILE = practice3/Info.plist;
				IPHONEOS_DEPLOYMENT_TARGET = 11.0;
				LD_RUNPATH_SEARCH_PATHS = "$(inherited) @executable_path/Frameworks";
				PRODUCT_BUNDLE_IDENTIFIER = cs.practice4;
				PRODUCT_NAME = "$(TARGET_NAME)";
				SWIFT_VERSION = 4.0;
				TARGETED_DEVICE_FAMILY = "1,2";
			};
			name = Debug;
		};
		4466BA952062F0C4006EAE1D /* Release */ = {
			isa = XCBuildConfiguration;
			buildSettings = {
				ASSETCATALOG_COMPILER_APPICON_NAME = AppIcon;
				CODE_SIGN_STYLE = Automatic;
				DEVELOPMENT_TEAM = 2QQMW76972;
				INFOPLIST_FILE = practice3/Info.plist;
				IPHONEOS_DEPLOYMENT_TARGET = 11.0;
				LD_RUNPATH_SEARCH_PATHS = "$(inherited) @executable_path/Frameworks";
				PRODUCT_BUNDLE_IDENTIFIER = cs.practice4;
				PRODUCT_NAME = "$(TARGET_NAME)";
				SWIFT_VERSION = 4.0;
				TARGETED_DEVICE_FAMILY = "1,2";
			};
			name = Release;
		};
/* End XCBuildConfiguration section */

/* Begin XCConfigurationList section */
		4466BA7C2062F0C3006EAE1D /* Build configuration list for PBXProject "practice4" */ = {
			isa = XCConfigurationList;
			buildConfigurations = (
				4466BA912062F0C4006EAE1D /* Debug */,
				4466BA922062F0C4006EAE1D /* Release */,
			);
			defaultConfigurationIsVisible = 0;
			defaultConfigurationName = Release;
		};
		4466BA932062F0C4006EAE1D /* Build configuration list for PBXNativeTarget "practice4" */ = {
			isa = XCConfigurationList;
			buildConfigurations = (
				4466BA942062F0C4006EAE1D /* Debug */,
				4466BA952062F0C4006EAE1D /* Release */,
			);
			defaultConfigurationIsVisible = 0;
			defaultConfigurationName = Release;
		};
/* End XCConfigurationList section */
	};
	rootObject = 4466BA792062F0C3006EAE1D /* Project object */;
}
